
Microsoft Visual Studio Solution File, Format Version 12.00
# Visual Studio 15
Project("{FAE04EC0-301F-11D3-BF4B-00C04F79EFBC}") = "Assembly-CSharp", "Assembly-CSharp.csproj", "{A0D6AEF9-03A8-5084-DAF4-01C063347268}"
EndProject
Project("{FAE04EC0-301F-11D3-BF4B-00C04F79EFBC}") = "Assembly-CSharp-Editor", "Assembly-CSharp-Editor.csproj", "{AE08EFB5-808C-B20B-258C-ABD84ED1D8E8}"
EndProject
Global
	GlobalSection(SolutionConfigurationPlatforms) = preSolution
		Debug|Any CPU = Debug|Any CPU
		Release|Any CPU = Release|Any CPU
	EndGlobalSection
	GlobalSection(ProjectConfigurationPlatforms) = postSolution
		{A0D6AEF9-03A8-5084-DAF4-01C063347268}.Debug|Any CPU.ActiveCfg = Debug|Any CPU
		{A0D6AEF9-03A8-5084-DAF4-01C063347268}.Debug|Any CPU.Build.0 = Debug|Any CPU
		{A0D6AEF9-03A8-5084-DAF4-01C063347268}.Release|Any CPU.ActiveCfg = Release|Any CPU
		{A0D6AEF9-03A8-5084-DAF4-01C063347268}.Release|Any CPU.Build.0 = Release|Any CPU
		{AE08EFB5-808C-B20B-258C-ABD84ED1D8E8}.Debug|Any CPU.ActiveCfg = Debug|Any CPU
		{AE08EFB5-808C-B20B-258C-ABD84ED1D8E8}.Debug|Any CPU.Build.0 = Debug|Any CPU
		{AE08EFB5-808C-B20B-258C-ABD84ED1D8E8}.Release|Any CPU.ActiveCfg = Release|Any CPU
		{AE08EFB5-808C-B20B-258C-ABD84ED1D8E8}.Release|Any CPU.Build.0 = Release|Any CPU
	EndGlobalSection
	GlobalSection(SolutionProperties) = preSolution
		HideSolutionNode = FALSE
	EndGlobalSection
EndGlobal
